PODS:
  - CocoaAsyncSocket (7.3.5)
  - CocoaHTTPServer (2.3):
    - CocoaAsyncSocket
    - CocoaLumberjack
  - CocoaLumberjack (1.9.0):
    - CocoaLumberjack/CLI
    - CocoaLumberjack/Core
    - CocoaLumberjack/Extensions
  - CocoaLumberjack/CLI (1.9.0):
    - CocoaLumberjack/Core
  - CocoaLumberjack/Core (1.9.0)
  - CocoaLumberjack/Extensions (1.9.0):
    - CocoaLumberjack/Core
  - FXKeychain (1.5.1)
  - Reachability (3.1.1)
  - RequestUtils (1.0.2)
  - THPinViewController (1.1.2)
  - ZXingObjC (3.0.1):
    - ZXingObjC/All
  - ZXingObjC/All (3.0.1)

DEPENDENCIES:
  - CocoaHTTPServer (~> 2.3)
  - FXKeychain (~> 1.5.1)
  - Reachability (~> 3.0)
  - RequestUtils (~> 1.0.2)
  - THPinViewController (~> 1.1.2)
  - ZXingObjC (~> 3.0)

SPEC CHECKSUMS:
  CocoaAsyncSocket: 45bdbbc1c0a5ed0640ff4c42af325ba43a2f099a
  CocoaHTTPServer: 217df4cba4e48803db2480f97b805aaad2230dd1
  CocoaLumberjack: 5766cdd1d0a24bcf15a133c6023747346bf786dd
  FXKeychain: beb642a4218ba783507af08865eda05e9b26a612
  Reachability: 8e9635e3cb4f98e7f825e51147f677ecc694d0e7
  RequestUtils: 82b66f926bc11ef761fedc6dcc3613d6f74f4f3a
  THPinViewController: 1a054e6854fe3a3ae6919fc8f4954a15fe1467b1
  ZXingObjC: e21ba2d24fdb226d4c6c8484aa901c0381bdf633

COCOAPODS: 0.32.1
