// !$*UTF8*$!
{
	archiveVersion = 1;
	classes = {
	};
	objectVersion = 46;
	objects = {

/* Begin PBXBuildFile section */
		0082096A18991D8400B05498 /* Foundation.framework in Frameworks */ = {isa = PBXBuildFile; fileRef = 0082096918991D8400B05498 /* Foundation.framework */; };
		0082096C18991D8400B05498 /* CoreGraphics.framework in Frameworks */ = {isa = PBXBuildFile; fileRef = 0082096B18991D8400B05498 /* CoreGraphics.framework */; };
		0082096E18991D8400B05498 /* UIKit.framework in Frameworks */ = {isa = PBXBuildFile; fileRef = 0082096D18991D8400B05498 /* UIKit.framework */; };
		0082097418991D8400B05498 /* InfoPlist.strings in Resources */ = {isa = PBXBuildFile; fileRef = 0082097218991D8400B05498 /* InfoPlist.strings */; };
		0082097618991D8400B05498 /* main.m in Sources */ = {isa = PBXBuildFile; fileRef = 0082097518991D8400B05498 /* main.m */; };
		0082097A18991D8400B05498 /* AppDelegate.m in Sources */ = {isa = PBXBuildFile; fileRef = 0082097918991D8400B05498 /* AppDelegate.m */; };
		0082097C18991D8500B05498 /* Images.xcassets in Resources */ = {isa = PBXBuildFile; fileRef = 0082097B18991D8400B05498 /* Images.xcassets */; };
		0082098318991D8500B05498 /* XCTest.framework in Frameworks */ = {isa = PBXBuildFile; fileRef = 0082098218991D8500B05498 /* XCTest.framework */; };
		0082098418991D8500B05498 /* Foundation.framework in Frameworks */ = {isa = PBXBuildFile; fileRef = 0082096918991D8400B05498 /* Foundation.framework */; };
		0082098518991D8500B05498 /* UIKit.framework in Frameworks */ = {isa = PBXBuildFile; fileRef = 0082096D18991D8400B05498 /* UIKit.framework */; };
		0082098D18991D8500B05498 /* InfoPlist.strings in Resources */ = {isa = PBXBuildFile; fileRef = 0082098B18991D8500B05498 /* InfoPlist.strings */; };
		0082098F18991D8500B05498 /* TOTPTests.m in Sources */ = {isa = PBXBuildFile; fileRef = 0082098E18991D8500B05498 /* TOTPTests.m */; };
/* End PBXBuildFile section */

/* Begin PBXContainerItemProxy section */
		0082098618991D8500B05498 /* PBXContainerItemProxy */ = {
			isa = PBXContainerItemProxy;
			containerPortal = 0082095E18991D8400B05498 /* Project object */;
			proxyType = 1;
			remoteGlobalIDString = 0082096518991D8400B05498;
			remoteInfo = TOTP;
		};
/* End PBXContainerItemProxy section */

/* Begin PBXFileReference section */
		0082096618991D8400B05498 /* TOTP.app */ = {isa = PBXFileReference; explicitFileType = wrapper.application; includeInIndex = 0; path = TOTP.app; sourceTree = BUILT_PRODUCTS_DIR; };
		0082096918991D8400B05498 /* Foundation.framework */ = {isa = PBXFileReference; lastKnownFileType = wrapper.framework; name = Foundation.framework; path = System/Library/Frameworks/Foundation.framework; sourceTree = SDKROOT; };
		0082096B18991D8400B05498 /* CoreGraphics.framework */ = {isa = PBXFileReference; lastKnownFileType = wrapper.framework; name = CoreGraphics.framework; path = System/Library/Frameworks/CoreGraphics.framework; sourceTree = SDKROOT; };
		0082096D18991D8400B05498 /* UIKit.framework */ = {isa = PBXFileReference; lastKnownFileType = wrapper.framework; name = UIKit.framework; path = System/Library/Frameworks/UIKit.framework; sourceTree = SDKROOT; };
		0082097118991D8400B05498 /* TOTP-Info.plist */ = {isa = PBXFileReference; lastKnownFileType = text.plist.xml; path = "TOTP-Info.plist"; sourceTree = "<group>"; };
		0082097318991D8400B05498 /* en */ = {isa = PBXFileReference; lastKnownFileType = text.plist.strings; name = en; path = en.lproj/InfoPlist.strings; sourceTree = "<group>"; };
		0082097518991D8400B05498 /* main.m */ = {isa = PBXFileReference; lastKnownFileType = sourcecode.c.objc; path = main.m; sourceTree = "<group>"; };
		0082097718991D8400B05498 /* TOTP-Prefix.pch */ = {isa = PBXFileReference; lastKnownFileType = sourcecode.c.h; path = "TOTP-Prefix.pch"; sourceTree = "<group>"; };
		0082097818991D8400B05498 /* AppDelegate.h */ = {isa = PBXFileReference; lastKnownFileType = sourcecode.c.h; path = AppDelegate.h; sourceTree = "<group>"; };
		0082097918991D8400B05498 /* AppDelegate.m */ = {isa = PBXFileReference; lastKnownFileType = sourcecode.c.objc; path = AppDelegate.m; sourceTree = "<group>"; };
		0082097B18991D8400B05498 /* Images.xcassets */ = {isa = PBXFileReference; lastKnownFileType = folder.assetcatalog; path = Images.xcassets; sourceTree = "<group>"; };
		0082098118991D8500B05498 /* TOTPTests.xctest */ = {isa = PBXFileReference; explicitFileType = wrapper.cfbundle; includeInIndex = 0; path = TOTPTests.xctest; sourceTree = BUILT_PRODUCTS_DIR; };
		0082098218991D8500B05498 /* XCTest.framework */ = {isa = PBXFileReference; lastKnownFileType = wrapper.framework; name = XCTest.framework; path = Library/Frameworks/XCTest.framework; sourceTree = DEVELOPER_DIR; };
		0082098A18991D8500B05498 /* TOTPTests-Info.plist */ = {isa = PBXFileReference; lastKnownFileType = text.plist.xml; path = "TOTPTests-Info.plist"; sourceTree = "<group>"; };
		0082098C18991D8500B05498 /* en */ = {isa = PBXFileReference; lastKnownFileType = text.plist.strings; name = en; path = en.lproj/InfoPlist.strings; sourceTree = "<group>"; };
		0082098E18991D8500B05498 /* TOTPTests.m */ = {isa = PBXFileReference; lastKnownFileType = sourcecode.c.objc; path = TOTPTests.m; sourceTree = "<group>"; };
/* End PBXFileReference section */

/* Begin PBXFrameworksBuildPhase section */
		0082096318991D8400B05498 /* Frameworks */ = {
			isa = PBXFrameworksBuildPhase;
			buildActionMask = 2147483647;
			files = (
				0082096C18991D8400B05498 /* CoreGraphics.framework in Frameworks */,
				0082096E18991D8400B05498 /* UIKit.framework in Frameworks */,
				0082096A18991D8400B05498 /* Foundation.framework in Frameworks */,
			);
			runOnlyForDeploymentPostprocessing = 0;
		};
		0082097E18991D8500B05498 /* Frameworks */ = {
			isa = PBXFrameworksBuildPhase;
			buildActionMask = 2147483647;
			files = (
				0082098318991D8500B05498 /* XCTest.framework in Frameworks */,
				0082098518991D8500B05498 /* UIKit.framework in Frameworks */,
				0082098418991D8500B05498 /* Foundation.framework in Frameworks */,
			);
			runOnlyForDeploymentPostprocessing = 0;
		};
/* End PBXFrameworksBuildPhase section */

/* Begin PBXGroup section */
		0082095D18991D8400B05498 = {
			isa = PBXGroup;
			children = (
				0082096F18991D8400B05498 /* TOTP */,
				0082098818991D8500B05498 /* TOTPTests */,
				0082096818991D8400B05498 /* Frameworks */,
				0082096718991D8400B05498 /* Products */,
			);
			sourceTree = "<group>";
		};
		0082096718991D8400B05498 /* Products */ = {
			isa = PBXGroup;
			children = (
				0082096618991D8400B05498 /* TOTP.app */,
				0082098118991D8500B05498 /* TOTPTests.xctest */,
			);
			name = Products;
			sourceTree = "<group>";
		};
		0082096818991D8400B05498 /* Frameworks */ = {
			isa = PBXGroup;
			children = (
				0082096918991D8400B05498 /* Foundation.framework */,
				0082096B18991D8400B05498 /* CoreGraphics.framework */,
				0082096D18991D8400B05498 /* UIKit.framework */,
				0082098218991D8500B05498 /* XCTest.framework */,
			);
			name = Frameworks;
			sourceTree = "<group>";
		};
		0082096F18991D8400B05498 /* TOTP */ = {
			isa = PBXGroup;
			children = (
				0082097818991D8400B05498 /* AppDelegate.h */,
				0082097918991D8400B05498 /* AppDelegate.m */,
				0082097B18991D8400B05498 /* Images.xcassets */,
				0082097018991D8400B05498 /* Supporting Files */,
			);
			path = TOTP;
			sourceTree = "<group>";
		};
		0082097018991D8400B05498 /* Supporting Files */ = {
			isa = PBXGroup;
			children = (
				0082097118991D8400B05498 /* TOTP-Info.plist */,
				0082097218991D8400B05498 /* InfoPlist.strings */,
				0082097518991D8400B05498 /* main.m */,
				0082097718991D8400B05498 /* TOTP-Prefix.pch */,
			);
			name = "Supporting Files";
			sourceTree = "<group>";
		};
		0082098818991D8500B05498 /* TOTPTests */ = {
			isa = PBXGroup;
			children = (
				0082098E18991D8500B05498 /* TOTPTests.m */,
				0082098918991D8500B05498 /* Supporting Files */,
			);
			path = TOTPTests;
			sourceTree = "<group>";
		};
		0082098918991D8500B05498 /* Supporting Files */ = {
			isa = PBXGroup;
			children = (
				0082098A18991D8500B05498 /* TOTPTests-Info.plist */,
				0082098B18991D8500B05498 /* InfoPlist.strings */,
			);
			name = "Supporting Files";
			sourceTree = "<group>";
		};
/* End PBXGroup section */

/* Begin PBXNativeTarget section */
		0082096518991D8400B05498 /* TOTP */ = {
			isa = PBXNativeTarget;
			buildConfigurationList = 0082099218991D8500B05498 /* Build configuration list for PBXNativeTarget "TOTP" */;
			buildPhases = (
				0082096218991D8400B05498 /* Sources */,
				0082096318991D8400B05498 /* Frameworks */,
				0082096418991D8400B05498 /* Resources */,
			);
			buildRules = (
			);
			dependencies = (
			);
			name = TOTP;
			productName = TOTP;
			productReference = 0082096618991D8400B05498 /* TOTP.app */;
			productType = "com.apple.product-type.application";
		};
		0082098018991D8500B05498 /* TOTPTests */ = {
			isa = PBXNativeTarget;
			buildConfigurationList = 0082099518991D8500B05498 /* Build configuration list for PBXNativeTarget "TOTPTests" */;
			buildPhases = (
				0082097D18991D8500B05498 /* Sources */,
				0082097E18991D8500B05498 /* Frameworks */,
				0082097F18991D8500B05498 /* Resources */,
			);
			buildRules = (
			);
			dependencies = (
				0082098718991D8500B05498 /* PBXTargetDependency */,
			);
			name = TOTPTests;
			productName = TOTPTests;
			productReference = 0082098118991D8500B05498 /* TOTPTests.xctest */;
			productType = "com.apple.product-type.bundle.unit-test";
		};
/* End PBXNativeTarget section */

/* Begin PBXProject section */
		0082095E18991D8400B05498 /* Project object */ = {
			isa = PBXProject;
			attributes = {
				LastUpgradeCheck = 0500;
				ORGANIZATIONNAME = "The Thing System";
				TargetAttributes = {
					0082098018991D8500B05498 = {
						TestTargetID = 0082096518991D8400B05498;
					};
				};
			};
			buildConfigurationList = 0082096118991D8400B05498 /* Build configuration list for PBXProject "TOTP" */;
			compatibilityVersion = "Xcode 3.2";
			developmentRegion = English;
			hasScannedForEncodings = 0;
			knownRegions = (
				en,
			);
			mainGroup = 0082095D18991D8400B05498;
			productRefGroup = 0082096718991D8400B05498 /* Products */;
			projectDirPath = "";
			projectRoot = "";
			targets = (
				0082096518991D8400B05498 /* TOTP */,
				0082098018991D8500B05498 /* TOTPTests */,
			);
		};
/* End PBXProject section */

/* Begin PBXResourcesBuildPhase section */
		0082096418991D8400B05498 /* Resources */ = {
			isa = PBXResourcesBuildPhase;
			buildActionMask = 2147483647;
			files = (
				0082097418991D8400B05498 /* InfoPlist.strings in Resources */,
				0082097C18991D8500B05498 /* Images.xcassets in Resources */,
			);
			runOnlyForDeploymentPostprocessing = 0;
		};
		0082097F18991D8500B05498 /* Resources */ = {
			isa = PBXResourcesBuildPhase;
			buildActionMask = 2147483647;
			files = (
				0082098D18991D8500B05498 /* InfoPlist.strings in Resources */,
			);
			runOnlyForDeploymentPostprocessing = 0;
		};
/* End PBXResourcesBuildPhase section */

/* Begin PBXSourcesBuildPhase section */
		0082096218991D8400B05498 /* Sources */ = {
			isa = PBXSourcesBuildPhase;
			buildActionMask = 2147483647;
			files = (
				0082097A18991D8400B05498 /* AppDelegate.m in Sources */,
				0082097618991D8400B05498 /* main.m in Sources */,
			);
			runOnlyForDeploymentPostprocessing = 0;
		};
		0082097D18991D8500B05498 /* Sources */ = {
			isa = PBXSourcesBuildPhase;
			buildActionMask = 2147483647;
			files = (
				0082098F18991D8500B05498 /* TOTPTests.m in Sources */,
			);
			runOnlyForDeploymentPostprocessing = 0;
		};
/* End PBXSourcesBuildPhase section */

/* Begin PBXTargetDependency section */
		0082098718991D8500B05498 /* PBXTargetDependency */ = {
			isa = PBXTargetDependency;
			target = 0082096518991D8400B05498 /* TOTP */;
			targetProxy = 0082098618991D8500B05498 /* PBXContainerItemProxy */;
		};
/* End PBXTargetDependency section */

/* Begin PBXVariantGroup section */
		0082097218991D8400B05498 /* InfoPlist.strings */ = {
			isa = PBXVariantGroup;
			children = (
				0082097318991D8400B05498 /* en */,
			);
			name = InfoPlist.strings;
			sourceTree = "<group>";
		};
		0082098B18991D8500B05498 /* InfoPlist.strings */ = {
			isa = PBXVariantGroup;
			children = (
				0082098C18991D8500B05498 /* en */,
			);
			name = InfoPlist.strings;
			sourceTree = "<group>";
		};
/* End PBXVariantGroup section */

/* Begin XCBuildConfiguration section */
		0082099018991D8500B05498 /* Debug */ = {
			isa = XCBuildConfiguration;
			buildSettings = {
				ALWAYS_SEARCH_USER_PATHS = NO;
				ARCHS = "$(ARCHS_STANDARD_INCLUDING_64_BIT)";
				CLANG_CXX_LANGUAGE_STANDARD = "gnu++0x";
				CLANG_CXX_LIBRARY = "libc++";
				CLANG_ENABLE_MODULES = YES;
				CLANG_ENABLE_OBJC_ARC = YES;
				CLANG_WARN_BOOL_CONVERSION = YES;
				CLANG_WARN_CONSTANT_CONVERSION = YES;
				CLANG_WARN_DIRECT_OBJC_ISA_USAGE = YES_ERROR;
				CLANG_WARN_EMPTY_BODY = YES;
				CLANG_WARN_ENUM_CONVERSION = YES;
				CLANG_WARN_INT_CONVERSION = YES;
				CLANG_WARN_OBJC_ROOT_CLASS = YES_ERROR;
				CLANG_WARN__DUPLICATE_METHOD_MATCH = YES;
				"CODE_SIGN_IDENTITY[sdk=iphoneos*]" = "iPhone Developer";
				COPY_PHASE_STRIP = NO;
				GCC_C_LANGUAGE_STANDARD = gnu99;
				GCC_DYNAMIC_NO_PIC = NO;
				GCC_OPTIMIZATION_LEVEL = 0;
				GCC_PREPROCESSOR_DEFINITIONS = (
					"DEBUG=1",
					"$(inherited)",
				);
				GCC_SYMBOLS_PRIVATE_EXTERN = NO;
				GCC_WARN_64_TO_32_BIT_CONVERSION = YES;
				GCC_WARN_ABOUT_RETURN_TYPE = YES_ERROR;
				GCC_WARN_UNDECLARED_SELECTOR = YES;
				GCC_WARN_UNINITIALIZED_AUTOS = YES;
				GCC_WARN_UNUSED_FUNCTION = YES;
				GCC_WARN_UNUSED_VARIABLE = YES;
				IPHONEOS_DEPLOYMENT_TARGET = 7.0;
				ONLY_ACTIVE_ARCH = YES;
				SDKROOT = iphoneos;
			};
			name = Debug;
		};
		0082099118991D8500B05498 /* Release */ = {
			isa = XCBuildConfiguration;
			buildSettings = {
				ALWAYS_SEARCH_USER_PATHS = NO;
				ARCHS = "$(ARCHS_STANDARD_INCLUDING_64_BIT)";
				CLANG_CXX_LANGUAGE_STANDARD = "gnu++0x";
				CLANG_CXX_LIBRARY = "libc++";
				CLANG_ENABLE_MODULES = YES;
				CLANG_ENABLE_OBJC_ARC = YES;
				CLANG_WARN_BOOL_CONVERSION = YES;
				CLANG_WARN_CONSTANT_CONVERSION = YES;
				CLANG_WARN_DIRECT_OBJC_ISA_USAGE = YES_ERROR;
				CLANG_WARN_EMPTY_BODY = YES;
				CLANG_WARN_ENUM_CONVERSION = YES;
				CLANG_WARN_INT_CONVERSION = YES;
				CLANG_WARN_OBJC_ROOT_CLASS = YES_ERROR;
				CLANG_WARN__DUPLICATE_METHOD_MATCH = YES;
				"CODE_SIGN_IDENTITY[sdk=iphoneos*]" = "iPhone Developer";
				COPY_PHASE_STRIP = YES;
				ENABLE_NS_ASSERTIONS = NO;
				GCC_C_LANGUAGE_STANDARD = gnu99;
				GCC_WARN_64_TO_32_BIT_CONVERSION = YES;
				GCC_WARN_ABOUT_RETURN_TYPE = YES_ERROR;
				GCC_WARN_UNDECLARED_SELECTOR = YES;
				GCC_WARN_UNINITIALIZED_AUTOS = YES;
				GCC_WARN_UNUSED_FUNCTION = YES;
				GCC_WARN_UNUSED_VARIABLE = YES;
				IPHONEOS_DEPLOYMENT_TARGET = 7.0;
				SDKROOT = iphoneos;
				VALIDATE_PRODUCT = YES;
			};
			name = Release;
		};
		0082099318991D8500B05498 /* Debug */ = {
			isa = XCBuildConfiguration;
			buildSettings = {
				ASSETCATALOG_COMPILER_APPICON_NAME = AppIcon;
				ASSETCATALOG_COMPILER_LAUNCHIMAGE_NAME = LaunchImage;
				GCC_PRECOMPILE_PREFIX_HEADER = YES;
				GCC_PREFIX_HEADER = "TOTP/TOTP-Prefix.pch";
				INFOPLIST_FILE = "TOTP/TOTP-Info.plist";
				PRODUCT_NAME = "$(TARGET_NAME)";
				WRAPPER_EXTENSION = app;
			};
			name = Debug;
		};
		0082099418991D8500B05498 /* Release */ = {
			isa = XCBuildConfiguration;
			buildSettings = {
				ASSETCATALOG_COMPILER_APPICON_NAME = AppIcon;
				ASSETCATALOG_COMPILER_LAUNCHIMAGE_NAME = LaunchImage;
				GCC_PRECOMPILE_PREFIX_HEADER = YES;
				GCC_PREFIX_HEADER = "TOTP/TOTP-Prefix.pch";
				INFOPLIST_FILE = "TOTP/TOTP-Info.plist";
				PRODUCT_NAME = "$(TARGET_NAME)";
				WRAPPER_EXTENSION = app;
			};
			name = Release;
		};
		0082099618991D8500B05498 /* Debug */ = {
			isa = XCBuildConfiguration;
			buildSettings = {
				ARCHS = "$(ARCHS_STANDARD_INCLUDING_64_BIT)";
				BUNDLE_LOADER = "$(BUILT_PRODUCTS_DIR)/TOTP.app/TOTP";
				FRAMEWORK_SEARCH_PATHS = (
					"$(SDKROOT)/Developer/Library/Frameworks",
					"$(inherited)",
					"$(DEVELOPER_FRAMEWORKS_DIR)",
				);
				GCC_PRECOMPILE_PREFIX_HEADER = YES;
				GCC_PREFIX_HEADER = "TOTP/TOTP-Prefix.pch";
				GCC_PREPROCESSOR_DEFINITIONS = (
					"DEBUG=1",
					"$(inherited)",
				);
				INFOPLIST_FILE = "TOTPTests/TOTPTests-Info.plist";
				PRODUCT_NAME = "$(TARGET_NAME)";
				TEST_HOST = "$(BUNDLE_LOADER)";
				WRAPPER_EXTENSION = xctest;
			};
			name = Debug;
		};
		0082099718991D8500B05498 /* Release */ = {
			isa = XCBuildConfiguration;
			buildSettings = {
				ARCHS = "$(ARCHS_STANDARD_INCLUDING_64_BIT)";
				BUNDLE_LOADER = "$(BUILT_PRODUCTS_DIR)/TOTP.app/TOTP";
				FRAMEWORK_SEARCH_PATHS = (
					"$(SDKROOT)/Developer/Library/Frameworks",
					"$(inherited)",
					"$(DEVELOPER_FRAMEWORKS_DIR)",
				);
				GCC_PRECOMPILE_PREFIX_HEADER = YES;
				GCC_PREFIX_HEADER = "TOTP/TOTP-Prefix.pch";
				INFOPLIST_FILE = "TOTPTests/TOTPTests-Info.plist";
				PRODUCT_NAME = "$(TARGET_NAME)";
				TEST_HOST = "$(BUNDLE_LOADER)";
				WRAPPER_EXTENSION = xctest;
			};
			name = Release;
		};
/* End XCBuildConfiguration section */

/* Begin XCConfigurationList section */
		0082096118991D8400B05498 /* Build configuration list for PBXProject "TOTP" */ = {
			isa = XCConfigurationList;
			buildConfigurations = (
				0082099018991D8500B05498 /* Debug */,
				0082099118991D8500B05498 /* Release */,
			);
			defaultConfigurationIsVisible = 0;
			defaultConfigurationName = Release;
		};
		0082099218991D8500B05498 /* Build configuration list for PBXNativeTarget "TOTP" */ = {
			isa = XCConfigurationList;
			buildConfigurations = (
				0082099318991D8500B05498 /* Debug */,
				0082099418991D8500B05498 /* Release */,
			);
			defaultConfigurationIsVisible = 0;
		};
		0082099518991D8500B05498 /* Build configuration list for PBXNativeTarget "TOTPTests" */ = {
			isa = XCConfigurationList;
			buildConfigurations = (
				0082099618991D8500B05498 /* Debug */,
				0082099718991D8500B05498 /* Release */,
			);
			defaultConfigurationIsVisible = 0;
		};
/* End XCConfigurationList section */
	};
	rootObject = 0082095E18991D8400B05498 /* Project object */;
}
