// !$*UTF8*$!
{
	archiveVersion = 1;
	classes = {
	};
	objectVersion = 46;
	objects = {

/* Begin PBXBuildFile section */
		006ABB001895583300D97EBF /* Foundation.framework in Frameworks */ = {isa = PBXBuildFile; fileRef = 006ABAFF1895583300D97EBF /* Foundation.framework */; };
		006ABB261895589400D97EBF /* UIKit.framework in Frameworks */ = {isa = PBXBuildFile; fileRef = 006ABB251895589400D97EBF /* UIKit.framework */; };
		006ABB28189558A500D97EBF /* SystemConfiguration.framework in Frameworks */ = {isa = PBXBuildFile; fileRef = 006ABB27189558A500D97EBF /* SystemConfiguration.framework */; };
		006ABB2A189558AE00D97EBF /* CFNetwork.framework in Frameworks */ = {isa = PBXBuildFile; fileRef = 006ABB29189558AE00D97EBF /* CFNetwork.framework */; };
		006ABB2C189558B500D97EBF /* Security.framework in Frameworks */ = {isa = PBXBuildFile; fileRef = 006ABB2B189558B500D97EBF /* Security.framework */; };
		006ABB2E189558C200D97EBF /* libicucore.dylib in Frameworks */ = {isa = PBXBuildFile; fileRef = 006ABB2D189558C200D97EBF /* libicucore.dylib */; };
		006ABB371895598F00D97EBF /* GCDAsyncUdpSocket.h in Headers */ = {isa = PBXBuildFile; fileRef = 006ABB351895598F00D97EBF /* GCDAsyncUdpSocket.h */; };
		006ABB381895598F00D97EBF /* GCDAsyncUdpSocket.m in Sources */ = {isa = PBXBuildFile; fileRef = 006ABB361895598F00D97EBF /* GCDAsyncUdpSocket.m */; };
		006ABB411895599D00D97EBF /* base64.c in Sources */ = {isa = PBXBuildFile; fileRef = 006ABB391895599D00D97EBF /* base64.c */; };
		006ABB421895599D00D97EBF /* base64.h in Headers */ = {isa = PBXBuildFile; fileRef = 006ABB3A1895599D00D97EBF /* base64.h */; settings = {ATTRIBUTES = (Public, ); }; };
		006ABB431895599D00D97EBF /* NSData+SRB64Additions.h in Headers */ = {isa = PBXBuildFile; fileRef = 006ABB3C1895599D00D97EBF /* NSData+SRB64Additions.h */; settings = {ATTRIBUTES = (Public, ); }; };
		006ABB441895599D00D97EBF /* NSData+SRB64Additions.m in Sources */ = {isa = PBXBuildFile; fileRef = 006ABB3D1895599D00D97EBF /* NSData+SRB64Additions.m */; };
		006ABB451895599D00D97EBF /* SRWebSocket.m in Sources */ = {isa = PBXBuildFile; fileRef = 006ABB3F1895599D00D97EBF /* SRWebSocket.m */; };
		006ABB461895599D00D97EBF /* SRWebSocket.h in Headers */ = {isa = PBXBuildFile; fileRef = 006ABB401895599D00D97EBF /* SRWebSocket.h */; settings = {ATTRIBUTES = (Public, ); }; };
		006ABB48189559D100D97EBF /* Client.h in Headers */ = {isa = PBXBuildFile; fileRef = 006ABB47189559D100D97EBF /* Client.h */; settings = {ATTRIBUTES = (Public, ); }; };
		006ABB4C189559D900D97EBF /* Util.m in Sources */ = {isa = PBXBuildFile; fileRef = 006ABB49189559D900D97EBF /* Util.m */; };
		006ABB4D189559D900D97EBF /* Client.m in Sources */ = {isa = PBXBuildFile; fileRef = 006ABB4A189559D900D97EBF /* Client.m */; };
		006ABB4E189559D900D97EBF /* Steward.m in Sources */ = {isa = PBXBuildFile; fileRef = 006ABB4B189559D900D97EBF /* Steward.m */; };
		008209051897CC5400B05498 /* TOTPGenerator.h in Headers */ = {isa = PBXBuildFile; fileRef = 008209011897CC5400B05498 /* TOTPGenerator.h */; };
		008209061897CC5400B05498 /* TOTPGenerator.m in Sources */ = {isa = PBXBuildFile; fileRef = 008209021897CC5400B05498 /* TOTPGenerator.m */; };
		008209071897CC5400B05498 /* OTPGenerator.m in Sources */ = {isa = PBXBuildFile; fileRef = 008209031897CC5400B05498 /* OTPGenerator.m */; };
		008209081897CC5400B05498 /* OTPGenerator.h in Headers */ = {isa = PBXBuildFile; fileRef = 008209041897CC5400B05498 /* OTPGenerator.h */; };
		00820C7F18992F1E00B05498 /* OTPAuthURL.h in Headers */ = {isa = PBXBuildFile; fileRef = 00820C7D18992F1E00B05498 /* OTPAuthURL.h */; };
		00820C8018992F1E00B05498 /* OTPAuthURL.m in Sources */ = {isa = PBXBuildFile; fileRef = 00820C7E18992F1E00B05498 /* OTPAuthURL.m */; };
		00820C8F18992F8D00B05498 /* HOTPGenerator.h in Headers */ = {isa = PBXBuildFile; fileRef = 00820C8D18992F8C00B05498 /* HOTPGenerator.h */; };
		00820C9018992F8D00B05498 /* HOTPGenerator.m in Sources */ = {isa = PBXBuildFile; fileRef = 00820C8E18992F8D00B05498 /* HOTPGenerator.m */; };
		00820C961899313700B05498 /* GTMDefines.h in Headers */ = {isa = PBXBuildFile; fileRef = 00820C951899313700B05498 /* GTMDefines.h */; };
		00820C991899315F00B05498 /* GTMNSDictionary+URLArguments.h in Headers */ = {isa = PBXBuildFile; fileRef = 00820C971899315F00B05498 /* GTMNSDictionary+URLArguments.h */; };
		00820C9A1899315F00B05498 /* GTMNSDictionary+URLArguments.m in Sources */ = {isa = PBXBuildFile; fileRef = 00820C981899315F00B05498 /* GTMNSDictionary+URLArguments.m */; settings = {COMPILER_FLAGS = "-fno-objc-arc"; }; };
		00820C9D1899316C00B05498 /* GTMNSString+URLArguments.h in Headers */ = {isa = PBXBuildFile; fileRef = 00820C9B1899316C00B05498 /* GTMNSString+URLArguments.h */; };
		00820C9E1899316C00B05498 /* GTMNSString+URLArguments.m in Sources */ = {isa = PBXBuildFile; fileRef = 00820C9C1899316C00B05498 /* GTMNSString+URLArguments.m */; settings = {COMPILER_FLAGS = "-fno-objc-arc"; }; };
		00820CA11899318000B05498 /* GTMNSScanner+Unsigned.h in Headers */ = {isa = PBXBuildFile; fileRef = 00820C9F1899318000B05498 /* GTMNSScanner+Unsigned.h */; };
		00820CA21899318000B05498 /* GTMNSScanner+Unsigned.m in Sources */ = {isa = PBXBuildFile; fileRef = 00820CA01899318000B05498 /* GTMNSScanner+Unsigned.m */; settings = {COMPILER_FLAGS = "-fno-objc-arc"; }; };
		00820CA51899319000B05498 /* GTMStringEncoding.h in Headers */ = {isa = PBXBuildFile; fileRef = 00820CA31899319000B05498 /* GTMStringEncoding.h */; };
		00820CA61899319000B05498 /* GTMStringEncoding.m in Sources */ = {isa = PBXBuildFile; fileRef = 00820CA41899319000B05498 /* GTMStringEncoding.m */; settings = {COMPILER_FLAGS = "-fno-objc-arc"; }; };
		00820CA9189931E000B05498 /* GTMMethodCheck.m in Sources */ = {isa = PBXBuildFile; fileRef = 00820CA7189931DF00B05498 /* GTMMethodCheck.m */; settings = {COMPILER_FLAGS = "-fno-objc-arc"; }; };
		00820CAA189931E000B05498 /* GTMMethodCheck.h in Headers */ = {isa = PBXBuildFile; fileRef = 00820CA8189931DF00B05498 /* GTMMethodCheck.h */; };
		00820CAD1899321700B05498 /* GTMObjC2Runtime.m in Sources */ = {isa = PBXBuildFile; fileRef = 00820CAB1899321700B05498 /* GTMObjC2Runtime.m */; settings = {COMPILER_FLAGS = "-fno-objc-arc"; }; };
		00820CAE1899321700B05498 /* GTMObjC2Runtime.h in Headers */ = {isa = PBXBuildFile; fileRef = 00820CAC1899321700B05498 /* GTMObjC2Runtime.h */; };
		00A990601895985B00A0B580 /* Monitor.m in Sources */ = {isa = PBXBuildFile; fileRef = 00A9905E1895985B00A0B580 /* Monitor.m */; };
		00A990AC1895A70700A0B580 /* Devices.m in Sources */ = {isa = PBXBuildFile; fileRef = 00A990AA1895A70700A0B580 /* Devices.m */; };
		00A990BC1895AEBA00A0B580 /* Perform.m in Sources */ = {isa = PBXBuildFile; fileRef = 00A990BA1895AEBA00A0B580 /* Perform.m */; };
/* End PBXBuildFile section */

/* Begin PBXCopyFilesBuildPhase section */
		006ABAFA1895583300D97EBF /* CopyFiles */ = {
			isa = PBXCopyFilesBuildPhase;
			buildActionMask = 2147483647;
			dstPath = "include/$(PRODUCT_NAME)";
			dstSubfolderSpec = 16;
			files = (
			);
			runOnlyForDeploymentPostprocessing = 0;
		};
/* End PBXCopyFilesBuildPhase section */

/* Begin PBXFileReference section */
		006ABAFC1895583300D97EBF /* libClient.a */ = {isa = PBXFileReference; explicitFileType = archive.ar; includeInIndex = 0; path = libClient.a; sourceTree = BUILT_PRODUCTS_DIR; };
		006ABAFF1895583300D97EBF /* Foundation.framework */ = {isa = PBXFileReference; lastKnownFileType = wrapper.framework; name = Foundation.framework; path = System/Library/Frameworks/Foundation.framework; sourceTree = SDKROOT; };
		006ABB031895583300D97EBF /* Client-Prefix.pch */ = {isa = PBXFileReference; lastKnownFileType = sourcecode.c.h; path = "Client-Prefix.pch"; sourceTree = "<group>"; };
		006ABB251895589400D97EBF /* UIKit.framework */ = {isa = PBXFileReference; lastKnownFileType = wrapper.framework; name = UIKit.framework; path = System/Library/Frameworks/UIKit.framework; sourceTree = SDKROOT; };
		006ABB27189558A500D97EBF /* SystemConfiguration.framework */ = {isa = PBXFileReference; lastKnownFileType = wrapper.framework; name = SystemConfiguration.framework; path = System/Library/Frameworks/SystemConfiguration.framework; sourceTree = SDKROOT; };
		006ABB29189558AE00D97EBF /* CFNetwork.framework */ = {isa = PBXFileReference; lastKnownFileType = wrapper.framework; name = CFNetwork.framework; path = System/Library/Frameworks/CFNetwork.framework; sourceTree = SDKROOT; };
		006ABB2B189558B500D97EBF /* Security.framework */ = {isa = PBXFileReference; lastKnownFileType = wrapper.framework; name = Security.framework; path = System/Library/Frameworks/Security.framework; sourceTree = SDKROOT; };
		006ABB2D189558C200D97EBF /* libicucore.dylib */ = {isa = PBXFileReference; lastKnownFileType = "compiled.mach-o.dylib"; name = libicucore.dylib; path = usr/lib/libicucore.dylib; sourceTree = SDKROOT; };
		006ABB351895598F00D97EBF /* GCDAsyncUdpSocket.h */ = {isa = PBXFileReference; fileEncoding = 4; lastKnownFileType = sourcecode.c.h; path = GCDAsyncUdpSocket.h; sourceTree = "<group>"; };
		006ABB361895598F00D97EBF /* GCDAsyncUdpSocket.m */ = {isa = PBXFileReference; fileEncoding = 4; lastKnownFileType = sourcecode.c.objc; path = GCDAsyncUdpSocket.m; sourceTree = "<group>"; };
		006ABB391895599D00D97EBF /* base64.c */ = {isa = PBXFileReference; fileEncoding = 4; lastKnownFileType = sourcecode.c.c; path = base64.c; sourceTree = "<group>"; };
		006ABB3A1895599D00D97EBF /* base64.h */ = {isa = PBXFileReference; fileEncoding = 4; lastKnownFileType = sourcecode.c.h; path = base64.h; sourceTree = "<group>"; };
		006ABB3B1895599D00D97EBF /* LICENCE.txt */ = {isa = PBXFileReference; fileEncoding = 4; lastKnownFileType = text; path = LICENCE.txt; sourceTree = "<group>"; };
		006ABB3C1895599D00D97EBF /* NSData+SRB64Additions.h */ = {isa = PBXFileReference; fileEncoding = 4; lastKnownFileType = sourcecode.c.h; path = "NSData+SRB64Additions.h"; sourceTree = "<group>"; };
		006ABB3D1895599D00D97EBF /* NSData+SRB64Additions.m */ = {isa = PBXFileReference; fileEncoding = 4; lastKnownFileType = sourcecode.c.objc; path = "NSData+SRB64Additions.m"; sourceTree = "<group>"; };
		006ABB3E1895599D00D97EBF /* README.md */ = {isa = PBXFileReference; fileEncoding = 4; lastKnownFileType = text; path = README.md; sourceTree = "<group>"; };
		006ABB3F1895599D00D97EBF /* SRWebSocket.m */ = {isa = PBXFileReference; fileEncoding = 4; lastKnownFileType = sourcecode.c.objc; path = SRWebSocket.m; sourceTree = "<group>"; };
		006ABB401895599D00D97EBF /* SRWebSocket.h */ = {isa = PBXFileReference; fileEncoding = 4; lastKnownFileType = sourcecode.c.h; path = SRWebSocket.h; sourceTree = "<group>"; };
		006ABB47189559D100D97EBF /* Client.h */ = {isa = PBXFileReference; fileEncoding = 4; lastKnownFileType = sourcecode.c.h; path = Client.h; sourceTree = "<group>"; };
		006ABB49189559D900D97EBF /* Util.m */ = {isa = PBXFileReference; fileEncoding = 4; lastKnownFileType = sourcecode.c.objc; path = Util.m; sourceTree = "<group>"; };
		006ABB4A189559D900D97EBF /* Client.m */ = {isa = PBXFileReference; fileEncoding = 4; lastKnownFileType = sourcecode.c.objc; path = Client.m; sourceTree = "<group>"; };
		006ABB4B189559D900D97EBF /* Steward.m */ = {isa = PBXFileReference; fileEncoding = 4; lastKnownFileType = sourcecode.c.objc; path = Steward.m; sourceTree = "<group>"; };
		008209011897CC5400B05498 /* TOTPGenerator.h */ = {isa = PBXFileReference; fileEncoding = 4; lastKnownFileType = sourcecode.c.h; path = TOTPGenerator.h; sourceTree = "<group>"; };
		008209021897CC5400B05498 /* TOTPGenerator.m */ = {isa = PBXFileReference; fileEncoding = 4; lastKnownFileType = sourcecode.c.objc; path = TOTPGenerator.m; sourceTree = "<group>"; };
		008209031897CC5400B05498 /* OTPGenerator.m */ = {isa = PBXFileReference; fileEncoding = 4; lastKnownFileType = sourcecode.c.objc; path = OTPGenerator.m; sourceTree = "<group>"; };
		008209041897CC5400B05498 /* OTPGenerator.h */ = {isa = PBXFileReference; fileEncoding = 4; lastKnownFileType = sourcecode.c.h; path = OTPGenerator.h; sourceTree = "<group>"; };
		00820C7D18992F1E00B05498 /* OTPAuthURL.h */ = {isa = PBXFileReference; fileEncoding = 4; lastKnownFileType = sourcecode.c.h; path = OTPAuthURL.h; sourceTree = "<group>"; };
		00820C7E18992F1E00B05498 /* OTPAuthURL.m */ = {isa = PBXFileReference; fileEncoding = 4; lastKnownFileType = sourcecode.c.objc; path = OTPAuthURL.m; sourceTree = "<group>"; };
		00820C8D18992F8C00B05498 /* HOTPGenerator.h */ = {isa = PBXFileReference; fileEncoding = 4; lastKnownFileType = sourcecode.c.h; path = HOTPGenerator.h; sourceTree = "<group>"; };
		00820C8E18992F8D00B05498 /* HOTPGenerator.m */ = {isa = PBXFileReference; fileEncoding = 4; lastKnownFileType = sourcecode.c.objc; path = HOTPGenerator.m; sourceTree = "<group>"; };
		00820C951899313700B05498 /* GTMDefines.h */ = {isa = PBXFileReference; fileEncoding = 4; lastKnownFileType = sourcecode.c.h; path = GTMDefines.h; sourceTree = "<group>"; };
		00820C971899315F00B05498 /* GTMNSDictionary+URLArguments.h */ = {isa = PBXFileReference; fileEncoding = 4; lastKnownFileType = sourcecode.c.h; path = "GTMNSDictionary+URLArguments.h"; sourceTree = "<group>"; };
		00820C981899315F00B05498 /* GTMNSDictionary+URLArguments.m */ = {isa = PBXFileReference; fileEncoding = 4; lastKnownFileType = sourcecode.c.objc; path = "GTMNSDictionary+URLArguments.m"; sourceTree = "<group>"; };
		00820C9B1899316C00B05498 /* GTMNSString+URLArguments.h */ = {isa = PBXFileReference; fileEncoding = 4; lastKnownFileType = sourcecode.c.h; path = "GTMNSString+URLArguments.h"; sourceTree = "<group>"; };
		00820C9C1899316C00B05498 /* GTMNSString+URLArguments.m */ = {isa = PBXFileReference; fileEncoding = 4; lastKnownFileType = sourcecode.c.objc; path = "GTMNSString+URLArguments.m"; sourceTree = "<group>"; };
		00820C9F1899318000B05498 /* GTMNSScanner+Unsigned.h */ = {isa = PBXFileReference; fileEncoding = 4; lastKnownFileType = sourcecode.c.h; path = "GTMNSScanner+Unsigned.h"; sourceTree = "<group>"; };
		00820CA01899318000B05498 /* GTMNSScanner+Unsigned.m */ = {isa = PBXFileReference; fileEncoding = 4; lastKnownFileType = sourcecode.c.objc; path = "GTMNSScanner+Unsigned.m"; sourceTree = "<group>"; };
		00820CA31899319000B05498 /* GTMStringEncoding.h */ = {isa = PBXFileReference; fileEncoding = 4; lastKnownFileType = sourcecode.c.h; path = GTMStringEncoding.h; sourceTree = "<group>"; };
		00820CA41899319000B05498 /* GTMStringEncoding.m */ = {isa = PBXFileReference; fileEncoding = 4; lastKnownFileType = sourcecode.c.objc; path = GTMStringEncoding.m; sourceTree = "<group>"; };
		00820CA7189931DF00B05498 /* GTMMethodCheck.m */ = {isa = PBXFileReference; fileEncoding = 4; lastKnownFileType = sourcecode.c.objc; path = GTMMethodCheck.m; sourceTree = "<group>"; };
		00820CA8189931DF00B05498 /* GTMMethodCheck.h */ = {isa = PBXFileReference; fileEncoding = 4; lastKnownFileType = sourcecode.c.h; path = GTMMethodCheck.h; sourceTree = "<group>"; };
		00820CAB1899321700B05498 /* GTMObjC2Runtime.m */ = {isa = PBXFileReference; fileEncoding = 4; lastKnownFileType = sourcecode.c.objc; path = GTMObjC2Runtime.m; sourceTree = "<group>"; };
		00820CAC1899321700B05498 /* GTMObjC2Runtime.h */ = {isa = PBXFileReference; fileEncoding = 4; lastKnownFileType = sourcecode.c.h; path = GTMObjC2Runtime.h; sourceTree = "<group>"; };
		00A9905E1895985B00A0B580 /* Monitor.m */ = {isa = PBXFileReference; fileEncoding = 4; lastKnownFileType = sourcecode.c.objc; path = Monitor.m; sourceTree = "<group>"; };
		00A990AA1895A70700A0B580 /* Devices.m */ = {isa = PBXFileReference; fileEncoding = 4; lastKnownFileType = sourcecode.c.objc; path = Devices.m; sourceTree = "<group>"; };
		00A990BA1895AEBA00A0B580 /* Perform.m */ = {isa = PBXFileReference; fileEncoding = 4; lastKnownFileType = sourcecode.c.objc; path = Perform.m; sourceTree = "<group>"; };
/* End PBXFileReference section */

/* Begin PBXFrameworksBuildPhase section */
		006ABAF91895583300D97EBF /* Frameworks */ = {
			isa = PBXFrameworksBuildPhase;
			buildActionMask = 2147483647;
			files = (
				006ABB2E189558C200D97EBF /* libicucore.dylib in Frameworks */,
				006ABB2C189558B500D97EBF /* Security.framework in Frameworks */,
				006ABB2A189558AE00D97EBF /* CFNetwork.framework in Frameworks */,
				006ABB28189558A500D97EBF /* SystemConfiguration.framework in Frameworks */,
				006ABB261895589400D97EBF /* UIKit.framework in Frameworks */,
				006ABB001895583300D97EBF /* Foundation.framework in Frameworks */,
			);
			runOnlyForDeploymentPostprocessing = 0;
		};
/* End PBXFrameworksBuildPhase section */

/* Begin PBXGroup section */
		006ABAF31895583300D97EBF = {
			isa = PBXGroup;
			children = (
				006ABB321895594B00D97EBF /* Headers */,
				006ABB011895583300D97EBF /* Classes */,
				006ABB021895583300D97EBF /* Other Sources */,
				006ABB331895596800D97EBF /* External */,
				006ABAFE1895583300D97EBF /* Frameworks */,
				006ABAFD1895583300D97EBF /* Products */,
			);
			sourceTree = "<group>";
		};
		006ABAFD1895583300D97EBF /* Products */ = {
			isa = PBXGroup;
			children = (
				006ABAFC1895583300D97EBF /* libClient.a */,
			);
			name = Products;
			sourceTree = "<group>";
		};
		006ABAFE1895583300D97EBF /* Frameworks */ = {
			isa = PBXGroup;
			children = (
				006ABB2B189558B500D97EBF /* Security.framework */,
				006ABB29189558AE00D97EBF /* CFNetwork.framework */,
				006ABB27189558A500D97EBF /* SystemConfiguration.framework */,
				006ABB251895589400D97EBF /* UIKit.framework */,
				006ABAFF1895583300D97EBF /* Foundation.framework */,
				006ABB2D189558C200D97EBF /* libicucore.dylib */,
			);
			name = Frameworks;
			sourceTree = "<group>";
		};
		006ABB011895583300D97EBF /* Classes */ = {
			isa = PBXGroup;
			children = (
				006ABB49189559D900D97EBF /* Util.m */,
				006ABB4A189559D900D97EBF /* Client.m */,
				00A9905E1895985B00A0B580 /* Monitor.m */,
				00A990AA1895A70700A0B580 /* Devices.m */,
				00A990BA1895AEBA00A0B580 /* Perform.m */,
				006ABB4B189559D900D97EBF /* Steward.m */,
			);
			name = Classes;
			path = Client;
			sourceTree = "<group>";
		};
		006ABB021895583300D97EBF /* Other Sources */ = {
			isa = PBXGroup;
			children = (
				006ABB031895583300D97EBF /* Client-Prefix.pch */,
			);
			name = "Other Sources";
			path = Client;
			sourceTree = "<group>";
		};
		006ABB321895594B00D97EBF /* Headers */ = {
			isa = PBXGroup;
			children = (
				006ABB47189559D100D97EBF /* Client.h */,
			);
			name = Headers;
			path = Client;
			sourceTree = "<group>";
		};
		006ABB331895596800D97EBF /* External */ = {
			isa = PBXGroup;
			children = (
				008208FE1897CC3C00B05498 /* Google Toolbox for Mac */,
				008208FD1897CC2C00B05498 /* OTPAuth */,
				006ABB341895597C00D97EBF /* SocketRocket */,
				006ABB351895598F00D97EBF /* GCDAsyncUdpSocket.h */,
				006ABB361895598F00D97EBF /* GCDAsyncUdpSocket.m */,
			);
			name = External;
			path = Client;
			sourceTree = "<group>";
		};
		006ABB341895597C00D97EBF /* SocketRocket */ = {
			isa = PBXGroup;
			children = (
				006ABB3E1895599D00D97EBF /* README.md */,
				006ABB3B1895599D00D97EBF /* LICENCE.txt */,
				006ABB3A1895599D00D97EBF /* base64.h */,
				006ABB391895599D00D97EBF /* base64.c */,
				006ABB401895599D00D97EBF /* SRWebSocket.h */,
				006ABB3F1895599D00D97EBF /* SRWebSocket.m */,
				006ABB3C1895599D00D97EBF /* NSData+SRB64Additions.h */,
				006ABB3D1895599D00D97EBF /* NSData+SRB64Additions.m */,
			);
			name = SocketRocket;
			sourceTree = "<group>";
		};
		008208FD1897CC2C00B05498 /* OTPAuth */ = {
			isa = PBXGroup;
			children = (
				008209011897CC5400B05498 /* TOTPGenerator.h */,
				008209021897CC5400B05498 /* TOTPGenerator.m */,
				008209041897CC5400B05498 /* OTPGenerator.h */,
				008209031897CC5400B05498 /* OTPGenerator.m */,
				00820C8D18992F8C00B05498 /* HOTPGenerator.h */,
				00820C8E18992F8D00B05498 /* HOTPGenerator.m */,
				00820C7D18992F1E00B05498 /* OTPAuthURL.h */,
				00820C7E18992F1E00B05498 /* OTPAuthURL.m */,
			);
			name = OTPAuth;
			sourceTree = "<group>";
		};
		008208FE1897CC3C00B05498 /* Google Toolbox for Mac */ = {
			isa = PBXGroup;
			children = (
				00820C951899313700B05498 /* GTMDefines.h */,
				00820C971899315F00B05498 /* GTMNSDictionary+URLArguments.h */,
				00820C981899315F00B05498 /* GTMNSDictionary+URLArguments.m */,
				00820C9B1899316C00B05498 /* GTMNSString+URLArguments.h */,
				00820C9C1899316C00B05498 /* GTMNSString+URLArguments.m */,
				00820C9F1899318000B05498 /* GTMNSScanner+Unsigned.h */,
				00820CA01899318000B05498 /* GTMNSScanner+Unsigned.m */,
				00820CA31899319000B05498 /* GTMStringEncoding.h */,
				00820CA41899319000B05498 /* GTMStringEncoding.m */,
				00820CA7189931DF00B05498 /* GTMMethodCheck.m */,
				00820CA8189931DF00B05498 /* GTMMethodCheck.h */,
				00820CAC1899321700B05498 /* GTMObjC2Runtime.h */,
				00820CAB1899321700B05498 /* GTMObjC2Runtime.m */,
			);
			name = "Google Toolbox for Mac";
			sourceTree = "<group>";
		};
/* End PBXGroup section */

/* Begin PBXHeadersBuildPhase section */
		006ABB2F189558FB00D97EBF /* Headers */ = {
			isa = PBXHeadersBuildPhase;
			buildActionMask = 2147483647;
			files = (
				008209051897CC5400B05498 /* TOTPGenerator.h in Headers */,
				006ABB48189559D100D97EBF /* Client.h in Headers */,
				00820C961899313700B05498 /* GTMDefines.h in Headers */,
				00820CAE1899321700B05498 /* GTMObjC2Runtime.h in Headers */,
				006ABB461895599D00D97EBF /* SRWebSocket.h in Headers */,
				00820C9D1899316C00B05498 /* GTMNSString+URLArguments.h in Headers */,
				006ABB431895599D00D97EBF /* NSData+SRB64Additions.h in Headers */,
				00820C8F18992F8D00B05498 /* HOTPGenerator.h in Headers */,
				006ABB421895599D00D97EBF /* base64.h in Headers */,
				00820CAA189931E000B05498 /* GTMMethodCheck.h in Headers */,
				00820C991899315F00B05498 /* GTMNSDictionary+URLArguments.h in Headers */,
				00820CA51899319000B05498 /* GTMStringEncoding.h in Headers */,
				008209081897CC5400B05498 /* OTPGenerator.h in Headers */,
				006ABB371895598F00D97EBF /* GCDAsyncUdpSocket.h in Headers */,
				00820CA11899318000B05498 /* GTMNSScanner+Unsigned.h in Headers */,
				00820C7F18992F1E00B05498 /* OTPAuthURL.h in Headers */,
			);
			runOnlyForDeploymentPostprocessing = 0;
		};
/* End PBXHeadersBuildPhase section */

/* Begin PBXNativeTarget section */
		006ABAFB1895583300D97EBF /* Client */ = {
			isa = PBXNativeTarget;
			buildConfigurationList = 006ABB1F1895583400D97EBF /* Build configuration list for PBXNativeTarget "Client" */;
			buildPhases = (
				006ABAF81895583300D97EBF /* Sources */,
				006ABAF91895583300D97EBF /* Frameworks */,
				006ABAFA1895583300D97EBF /* CopyFiles */,
				006ABB2F189558FB00D97EBF /* Headers */,
				00A990441895665A00A0B580 /* ShellScript */,
			);
			buildRules = (
			);
			dependencies = (
			);
			name = Client;
			productName = Client;
			productReference = 006ABAFC1895583300D97EBF /* libClient.a */;
			productType = "com.apple.product-type.library.static";
		};
/* End PBXNativeTarget section */

/* Begin PBXProject section */
		006ABAF41895583300D97EBF /* Project object */ = {
			isa = PBXProject;
			attributes = {
				LastUpgradeCheck = 0500;
				ORGANIZATIONNAME = "The Thing System";
			};
			buildConfigurationList = 006ABAF71895583300D97EBF /* Build configuration list for PBXProject "Client" */;
			compatibilityVersion = "Xcode 3.2";
			developmentRegion = English;
			hasScannedForEncodings = 0;
			knownRegions = (
				en,
			);
			mainGroup = 006ABAF31895583300D97EBF;
			productRefGroup = 006ABAFD1895583300D97EBF /* Products */;
			projectDirPath = "";
			projectRoot = "";
			targets = (
				006ABAFB1895583300D97EBF /* Client */,
			);
		};
/* End PBXProject section */

/* Begin PBXShellScriptBuildPhase section */
		00A990441895665A00A0B580 /* ShellScript */ = {
			isa = PBXShellScriptBuildPhase;
			buildActionMask = 2147483647;
			files = (
			);
			inputPaths = (
			);
			outputPaths = (
			);
			runOnlyForDeploymentPostprocessing = 0;
			shellPath = /bin/sh;
			shellScript = "##########################################\n#\n# c.f. http://stackoverflow.com/questions/3520977/build-fat-static-library-device-simulator-using-xcode-and-sdk-4\n#\n# Version 2.7\n#\n# Latest Change:\n# - Supports iPhone 5 / iPod Touch 5 (uses Apple's workaround to lipo bug)\n#\n# Purpose:\n#   Automatically create a Universal static library for iPhone + iPad + iPhone Simulator from within XCode\n#\n# Author: Adam Martin - http://twitter.com/t_machine_org\n# Based on: original script from Eonil (main changes: Eonil's script WILL NOT WORK in Xcode GUI - it WILL CRASH YOUR COMPUTER)\n#\n\nset -e\nset -o pipefail\n\n#################[ Tests: helps workaround any future bugs in Xcode ]########\n#\nDEBUG_THIS_SCRIPT=\"false\"\n\nif [ $DEBUG_THIS_SCRIPT = \"true\" ]\nthen\necho \"########### TESTS #############\"\necho \"Use the following variables when debugging this script; note that they may change on recursions\"\necho \"BUILD_DIR = $BUILD_DIR\"\necho \"BUILD_ROOT = $BUILD_ROOT\"\necho \"CONFIGURATION_BUILD_DIR = $CONFIGURATION_BUILD_DIR\"\necho \"BUILT_PRODUCTS_DIR = $BUILT_PRODUCTS_DIR\"\necho \"CONFIGURATION_TEMP_DIR = $CONFIGURATION_TEMP_DIR\"\necho \"TARGET_BUILD_DIR = $TARGET_BUILD_DIR\"\nfi\n\n#####################[ part 1 ]##################\n# First, work out the BASESDK version number (NB: Apple ought to report this, but they hide it)\n#    (incidental: searching for substrings in sh is a nightmare! Sob)\n\nSDK_VERSION=$(echo ${SDK_NAME} | grep -o '.\\{3\\}$')\n\n# Next, work out if we're in SIM or DEVICE\n\nif [ ${PLATFORM_NAME} = \"iphonesimulator\" ]\nthen\nOTHER_SDK_TO_BUILD=iphoneos${SDK_VERSION}\nelse\nOTHER_SDK_TO_BUILD=iphonesimulator${SDK_VERSION}\nfi\n\necho \"XCode has selected SDK: ${PLATFORM_NAME} with version: ${SDK_VERSION} (although back-targetting: ${IPHONEOS_DEPLOYMENT_TARGET})\"\necho \"...therefore, OTHER_SDK_TO_BUILD = ${OTHER_SDK_TO_BUILD}\"\n#\n#####################[ end of part 1 ]##################\n\n#####################[ part 2 ]##################\n#\n# IF this is the original invocation, invoke WHATEVER other builds are required\n#\n# Xcode is already building ONE target...\n#\n# ...but this is a LIBRARY, so Apple is wrong to set it to build just one.\n# ...we need to build ALL targets\n# ...we MUST NOT re-build the target that is ALREADY being built: Xcode WILL CRASH YOUR COMPUTER if you try this (infinite recursion!)\n#\n#\n# So: build ONLY the missing platforms/configurations.\n\nif [ \"true\" == ${ALREADYINVOKED:-false} ]\nthen\necho \"RECURSION: I am NOT the root invocation, so I'm NOT going to recurse\"\nelse\n# CRITICAL:\n# Prevent infinite recursion (Xcode sucks)\nexport ALREADYINVOKED=\"true\"\n\necho \"RECURSION: I am the root ... recursing all missing build targets NOW...\"\necho \"RECURSION: ...about to invoke: xcodebuild -configuration \\\"${CONFIGURATION}\\\" -project \\\"${PROJECT_NAME}.xcodeproj\\\" -target \\\"${TARGET_NAME}\\\" -sdk \\\"${OTHER_SDK_TO_BUILD}\\\" ${ACTION} RUN_CLANG_STATIC_ANALYZER=NO\" BUILD_DIR=\\\"${BUILD_DIR}\\\" BUILD_ROOT=\\\"${BUILD_ROOT}\\\" SYMROOT=\\\"${SYMROOT}\\\"\n\nxcodebuild -configuration \"${CONFIGURATION}\" -project \"${PROJECT_NAME}.xcodeproj\" -target \"${TARGET_NAME}\" -sdk \"${OTHER_SDK_TO_BUILD}\" ${ACTION} RUN_CLANG_STATIC_ANALYZER=NO BUILD_DIR=\"${BUILD_DIR}\" BUILD_ROOT=\"${BUILD_ROOT}\" SYMROOT=\"${SYMROOT}\"\n\nACTION=\"build\"\n\n#Merge all platform binaries as a fat binary for each configurations.\n\n# Calculate where the (multiple) built files are coming from:\nCURRENTCONFIG_DEVICE_DIR=${SYMROOT}/${CONFIGURATION}-iphoneos\nCURRENTCONFIG_SIMULATOR_DIR=${SYMROOT}/${CONFIGURATION}-iphonesimulator\n\necho \"Taking device build from: ${CURRENTCONFIG_DEVICE_DIR}\"\necho \"Taking simulator build from: ${CURRENTCONFIG_SIMULATOR_DIR}\"\n\nCREATING_UNIVERSAL_DIR=${SYMROOT}/${CONFIGURATION}-universal\necho \"...I will output a universal build to: ${CREATING_UNIVERSAL_DIR}\"\n\n# ... remove the products of previous runs of this script\n#      NB: this directory is ONLY created by this script - it should be safe to delete!\n\nrm -rf \"${CREATING_UNIVERSAL_DIR}\"\nmkdir \"${CREATING_UNIVERSAL_DIR}\"\n\n#\necho \"lipo: for current configuration (${CONFIGURATION}) creating output file: ${CREATING_UNIVERSAL_DIR}/${EXECUTABLE_NAME}\"\nxcrun -sdk iphoneos lipo -create -output \"${CREATING_UNIVERSAL_DIR}/${EXECUTABLE_NAME}\" \"${CURRENTCONFIG_DEVICE_DIR}/${EXECUTABLE_NAME}\" \"${CURRENTCONFIG_SIMULATOR_DIR}/${EXECUTABLE_NAME}\"\n\n#########\n#\n# Added: StackOverflow suggestion to also copy \"include\" files\n#    (untested, but should work OK)\n#\necho \"Fetching headers from ${PUBLIC_HEADERS_FOLDER_PATH}\"\necho \"  (if you embed your library project in another project, you will need to add\"\necho \"   a \"User Search Headers\" build setting of: (NB INCLUDE THE DOUBLE QUOTES BELOW!)\"\necho '        \"$(TARGET_BUILD_DIR)/usr/local/include/\"'\nif [ -d \"${CURRENTCONFIG_DEVICE_DIR}${PUBLIC_HEADERS_FOLDER_PATH}\" ]\nthen\n#mkdir -p \"${CREATING_UNIVERSAL_DIR}${PUBLIC_HEADERS_FOLDER_PATH}\"\n# * needs to be outside the double quotes?\ncp -r \"${CURRENTCONFIG_DEVICE_DIR}${PUBLIC_HEADERS_FOLDER_PATH}\"* \"${CREATING_UNIVERSAL_DIR}\"\nmv \"${CREATING_UNIVERSAL_DIR}/include/\"* \"${CREATING_UNIVERSAL_DIR}\"\nrmdir \"${CREATING_UNIVERSAL_DIR}/include/\"\nfi\nfi";
		};
/* End PBXShellScriptBuildPhase section */

/* Begin PBXSourcesBuildPhase section */
		006ABAF81895583300D97EBF /* Sources */ = {
			isa = PBXSourcesBuildPhase;
			buildActionMask = 2147483647;
			files = (
				00820C8018992F1E00B05498 /* OTPAuthURL.m in Sources */,
				006ABB4C189559D900D97EBF /* Util.m in Sources */,
				00820CA21899318000B05498 /* GTMNSScanner+Unsigned.m in Sources */,
				008209061897CC5400B05498 /* TOTPGenerator.m in Sources */,
				00820CAD1899321700B05498 /* GTMObjC2Runtime.m in Sources */,
				006ABB4E189559D900D97EBF /* Steward.m in Sources */,
				006ABB441895599D00D97EBF /* NSData+SRB64Additions.m in Sources */,
				006ABB4D189559D900D97EBF /* Client.m in Sources */,
				00A990601895985B00A0B580 /* Monitor.m in Sources */,
				00A990AC1895A70700A0B580 /* Devices.m in Sources */,
				00820C9A1899315F00B05498 /* GTMNSDictionary+URLArguments.m in Sources */,
				00820C9E1899316C00B05498 /* GTMNSString+URLArguments.m in Sources */,
				00820C9018992F8D00B05498 /* HOTPGenerator.m in Sources */,
				008209071897CC5400B05498 /* OTPGenerator.m in Sources */,
				006ABB381895598F00D97EBF /* GCDAsyncUdpSocket.m in Sources */,
				00820CA61899319000B05498 /* GTMStringEncoding.m in Sources */,
				006ABB451895599D00D97EBF /* SRWebSocket.m in Sources */,
				006ABB411895599D00D97EBF /* base64.c in Sources */,
				00A990BC1895AEBA00A0B580 /* Perform.m in Sources */,
				00820CA9189931E000B05498 /* GTMMethodCheck.m in Sources */,
			);
			runOnlyForDeploymentPostprocessing = 0;
		};
/* End PBXSourcesBuildPhase section */

/* Begin XCBuildConfiguration section */
		006ABB1D1895583400D97EBF /* Debug */ = {
			isa = XCBuildConfiguration;
			buildSettings = {
				ALWAYS_SEARCH_USER_PATHS = NO;
				ARCHS = "$(ARCHS_STANDARD_INCLUDING_64_BIT)";
				CLANG_CXX_LANGUAGE_STANDARD = "gnu++0x";
				CLANG_CXX_LIBRARY = "libc++";
				CLANG_ENABLE_MODULES = YES;
				CLANG_ENABLE_OBJC_ARC = YES;
				CLANG_WARN_BOOL_CONVERSION = YES;
				CLANG_WARN_CONSTANT_CONVERSION = YES;
				CLANG_WARN_DIRECT_OBJC_ISA_USAGE = YES_ERROR;
				CLANG_WARN_EMPTY_BODY = YES;
				CLANG_WARN_ENUM_CONVERSION = YES;
				CLANG_WARN_INT_CONVERSION = YES;
				CLANG_WARN_OBJC_ROOT_CLASS = YES_ERROR;
				CLANG_WARN__DUPLICATE_METHOD_MATCH = YES;
				COPY_PHASE_STRIP = NO;
				GCC_C_LANGUAGE_STANDARD = gnu99;
				GCC_DYNAMIC_NO_PIC = NO;
				GCC_OPTIMIZATION_LEVEL = 0;
				GCC_PREPROCESSOR_DEFINITIONS = (
					"DEBUG=1",
					"$(inherited)",
				);
				GCC_SYMBOLS_PRIVATE_EXTERN = NO;
				GCC_WARN_64_TO_32_BIT_CONVERSION = YES;
				GCC_WARN_ABOUT_RETURN_TYPE = YES_ERROR;
				GCC_WARN_UNDECLARED_SELECTOR = YES;
				GCC_WARN_UNINITIALIZED_AUTOS = YES;
				GCC_WARN_UNUSED_FUNCTION = YES;
				GCC_WARN_UNUSED_VARIABLE = YES;
				IPHONEOS_DEPLOYMENT_TARGET = 7.0;
				ONLY_ACTIVE_ARCH = YES;
				SDKROOT = iphoneos;
			};
			name = Debug;
		};
		006ABB1E1895583400D97EBF /* Release */ = {
			isa = XCBuildConfiguration;
			buildSettings = {
				ALWAYS_SEARCH_USER_PATHS = NO;
				ARCHS = "$(ARCHS_STANDARD_INCLUDING_64_BIT)";
				CLANG_CXX_LANGUAGE_STANDARD = "gnu++0x";
				CLANG_CXX_LIBRARY = "libc++";
				CLANG_ENABLE_MODULES = YES;
				CLANG_ENABLE_OBJC_ARC = YES;
				CLANG_WARN_BOOL_CONVERSION = YES;
				CLANG_WARN_CONSTANT_CONVERSION = YES;
				CLANG_WARN_DIRECT_OBJC_ISA_USAGE = YES_ERROR;
				CLANG_WARN_EMPTY_BODY = YES;
				CLANG_WARN_ENUM_CONVERSION = YES;
				CLANG_WARN_INT_CONVERSION = YES;
				CLANG_WARN_OBJC_ROOT_CLASS = YES_ERROR;
				CLANG_WARN__DUPLICATE_METHOD_MATCH = YES;
				COPY_PHASE_STRIP = YES;
				ENABLE_NS_ASSERTIONS = NO;
				GCC_C_LANGUAGE_STANDARD = gnu99;
				GCC_WARN_64_TO_32_BIT_CONVERSION = YES;
				GCC_WARN_ABOUT_RETURN_TYPE = YES_ERROR;
				GCC_WARN_UNDECLARED_SELECTOR = YES;
				GCC_WARN_UNINITIALIZED_AUTOS = YES;
				GCC_WARN_UNUSED_FUNCTION = YES;
				GCC_WARN_UNUSED_VARIABLE = YES;
				IPHONEOS_DEPLOYMENT_TARGET = 7.0;
				SDKROOT = iphoneos;
				VALIDATE_PRODUCT = YES;
			};
			name = Release;
		};
		006ABB201895583400D97EBF /* Debug */ = {
			isa = XCBuildConfiguration;
			buildSettings = {
				DSTROOT = /tmp/Client.dst;
				GCC_PRECOMPILE_PREFIX_HEADER = YES;
				GCC_PREFIX_HEADER = "Client/Client-Prefix.pch";
				LIBRARY_SEARCH_PATHS = (
					"$(inherited)",
					"/Users/aa/The\\ Thing\\ System/ios_library/Client",
				);
				ONLY_ACTIVE_ARCH = NO;
				OTHER_LDFLAGS = "-ObjC";
				PRODUCT_NAME = "$(TARGET_NAME)";
				SKIP_INSTALL = YES;
			};
			name = Debug;
		};
		006ABB211895583400D97EBF /* Release */ = {
			isa = XCBuildConfiguration;
			buildSettings = {
				DSTROOT = /tmp/Client.dst;
				GCC_PRECOMPILE_PREFIX_HEADER = YES;
				GCC_PREFIX_HEADER = "Client/Client-Prefix.pch";
				LIBRARY_SEARCH_PATHS = (
					"$(inherited)",
					"/Users/aa/The\\ Thing\\ System/ios_library/Client",
				);
				OTHER_LDFLAGS = "-ObjC";
				PRODUCT_NAME = "$(TARGET_NAME)";
				SKIP_INSTALL = YES;
			};
			name = Release;
		};
/* End XCBuildConfiguration section */

/* Begin XCConfigurationList section */
		006ABAF71895583300D97EBF /* Build configuration list for PBXProject "Client" */ = {
			isa = XCConfigurationList;
			buildConfigurations = (
				006ABB1D1895583400D97EBF /* Debug */,
				006ABB1E1895583400D97EBF /* Release */,
			);
			defaultConfigurationIsVisible = 0;
			defaultConfigurationName = Release;
		};
		006ABB1F1895583400D97EBF /* Build configuration list for PBXNativeTarget "Client" */ = {
			isa = XCConfigurationList;
			buildConfigurations = (
				006ABB201895583400D97EBF /* Debug */,
				006ABB211895583400D97EBF /* Release */,
			);
			defaultConfigurationIsVisible = 0;
			defaultConfigurationName = Release;
		};
/* End XCConfigurationList section */
	};
	rootObject = 006ABAF41895583300D97EBF /* Project object */;
}
